// !$*UTF8*$!
{
	archiveVersion = 1;
	classes = {
	};
	objectVersion = 46;
	objects = {

/* Begin PBXBuildFile section */
		65A355BA1EC37F3A00216264 /* AppDelegate.swift in Sources */ = {isa = PBXBuildFile; fileRef = 65A355B91EC37F3A00216264 /* AppDelegate.swift */; };
		65A355BC1EC37F3A00216264 /* ViewController.swift in Sources */ = {isa = PBXBuildFile; fileRef = 65A355BB1EC37F3A00216264 /* ViewController.swift */; };
		65A355BF1EC37F3A00216264 /* Main.storyboard in Resources */ = {isa = PBXBuildFile; fileRef = 65A355BD1EC37F3A00216264 /* Main.storyboard */; };
		65A355C11EC37F3A00216264 /* Assets.xcassets in Resources */ = {isa = PBXBuildFile; fileRef = 65A355C01EC37F3A00216264 /* Assets.xcassets */; };
		65A355C41EC37F3A00216264 /* LaunchScreen.storyboard in Resources */ = {isa = PBXBuildFile; fileRef = 65A355C21EC37F3A00216264 /* LaunchScreen.storyboard */; };
		65A355CF1EC37F3B00216264 /* SwiftagramTests.swift in Sources */ = {isa = PBXBuildFile; fileRef = 65A355CE1EC37F3B00216264 /* SwiftagramTests.swift */; };
		65A355DA1EC37F3B00216264 /* SwiftagramUITests.swift in Sources */ = {isa = PBXBuildFile; fileRef = 65A355D91EC37F3B00216264 /* SwiftagramUITests.swift */; };
/* End PBXBuildFile section */

/* Begin PBXContainerItemProxy section */
		65A355CB1EC37F3B00216264 /* PBXContainerItemProxy */ = {
			isa = PBXContainerItemProxy;
			containerPortal = 65A355AE1EC37F3A00216264 /* Project object */;
			proxyType = 1;
			remoteGlobalIDString = 65A355B51EC37F3A00216264;
			remoteInfo = Swiftagram;
		};
		65A355D61EC37F3B00216264 /* PBXContainerItemProxy */ = {
			isa = PBXContainerItemProxy;
			containerPortal = 65A355AE1EC37F3A00216264 /* Project object */;
			proxyType = 1;
			remoteGlobalIDString = 65A355B51EC37F3A00216264;
			remoteInfo = Swiftagram;
		};
/* End PBXContainerItemProxy section */

/* Begin PBXFileReference section */
		65A355B61EC37F3A00216264 /* Swiftagram.app */ = {isa = PBXFileReference; explicitFileType = wrapper.application; includeInIndex = 0; path = Swiftagram.app; sourceTree = BUILT_PRODUCTS_DIR; };
		65A355B91EC37F3A00216264 /* AppDelegate.swift */ = {isa = PBXFileReference; lastKnownFileType = sourcecode.swift; path = AppDelegate.swift; sourceTree = "<group>"; };
		65A355BB1EC37F3A00216264 /* ViewController.swift */ = {isa = PBXFileReference; lastKnownFileType = sourcecode.swift; path = ViewController.swift; sourceTree = "<group>"; };
		65A355BE1EC37F3A00216264 /* Base */ = {isa = PBXFileReference; lastKnownFileType = file.storyboard; name = Base; path = Base.lproj/Main.storyboard; sourceTree = "<group>"; };
		65A355C01EC37F3A00216264 /* Assets.xcassets */ = {isa = PBXFileReference; lastKnownFileType = folder.assetcatalog; path = Assets.xcassets; sourceTree = "<group>"; };
		65A355C31EC37F3A00216264 /* Base */ = {isa = PBXFileReference; lastKnownFileType = file.storyboard; name = Base; path = Base.lproj/LaunchScreen.storyboard; sourceTree = "<group>"; };
		65A355C51EC37F3A00216264 /* Info.plist */ = {isa = PBXFileReference; lastKnownFileType = text.plist.xml; path = Info.plist; sourceTree = "<group>"; };
		65A355CA1EC37F3B00216264 /* SwiftagramTests.xctest */ = {isa = PBXFileReference; explicitFileType = wrapper.cfbundle; includeInIndex = 0; path = SwiftagramTests.xctest; sourceTree = BUILT_PRODUCTS_DIR; };
		65A355CE1EC37F3B00216264 /* SwiftagramTests.swift */ = {isa = PBXFileReference; lastKnownFileType = sourcecode.swift; path = SwiftagramTests.swift; sourceTree = "<group>"; };
		65A355D01EC37F3B00216264 /* Info.plist */ = {isa = PBXFileReference; lastKnownFileType = text.plist.xml; path = Info.plist; sourceTree = "<group>"; };
		65A355D51EC37F3B00216264 /* SwiftagramUITests.xctest */ = {isa = PBXFileReference; explicitFileType = wrapper.cfbundle; includeInIndex = 0; path = SwiftagramUITests.xctest; sourceTree = BUILT_PRODUCTS_DIR; };
		65A355D91EC37F3B00216264 /* SwiftagramUITests.swift */ = {isa = PBXFileReference; lastKnownFileType = sourcecode.swift; path = SwiftagramUITests.swift; sourceTree = "<group>"; };
		65A355DB1EC37F3B00216264 /* Info.plist */ = {isa = PBXFileReference; lastKnownFileType = text.plist.xml; path = Info.plist; sourceTree = "<group>"; };
/* End PBXFileReference section */

/* Begin PBXFrameworksBuildPhase section */
		65A355B31EC37F3A00216264 /* Frameworks */ = {
			isa = PBXFrameworksBuildPhase;
			buildActionMask = 2147483647;
			files = (
			);
			runOnlyForDeploymentPostprocessing = 0;
		};
		65A355C71EC37F3B00216264 /* Frameworks */ = {
			isa = PBXFrameworksBuildPhase;
			buildActionMask = 2147483647;
			files = (
			);
			runOnlyForDeploymentPostprocessing = 0;
		};
		65A355D21EC37F3B00216264 /* Frameworks */ = {
			isa = PBXFrameworksBuildPhase;
			buildActionMask = 2147483647;
			files = (
			);
			runOnlyForDeploymentPostprocessing = 0;
		};
/* End PBXFrameworksBuildPhase section */

/* Begin PBXGroup section */
		65A355AD1EC37F3A00216264 = {
			isa = PBXGroup;
			children = (
				65A355B81EC37F3A00216264 /* Swiftagram */,
				65A355CD1EC37F3B00216264 /* SwiftagramTests */,
				65A355D81EC37F3B00216264 /* SwiftagramUITests */,
				65A355B71EC37F3A00216264 /* Products */,
			);
			sourceTree = "<group>";
		};
		65A355B71EC37F3A00216264 /* Products */ = {
			isa = PBXGroup;
			children = (
				65A355B61EC37F3A00216264 /* Swiftagram.app */,
				65A355CA1EC37F3B00216264 /* SwiftagramTests.xctest */,
				65A355D51EC37F3B00216264 /* SwiftagramUITests.xctest */,
			);
			name = Products;
			sourceTree = "<group>";
		};
		65A355B81EC37F3A00216264 /* Swiftagram */ = {
			isa = PBXGroup;
			children = (
				65A355B91EC37F3A00216264 /* AppDelegate.swift */,
				65A355BB1EC37F3A00216264 /* ViewController.swift */,
				65A355BD1EC37F3A00216264 /* Main.storyboard */,
				65A355C01EC37F3A00216264 /* Assets.xcassets */,
				65A355C21EC37F3A00216264 /* LaunchScreen.storyboard */,
				65A355C51EC37F3A00216264 /* Info.plist */,
			);
			path = Swiftagram;
			sourceTree = "<group>";
		};
		65A355CD1EC37F3B00216264 /* SwiftagramTests */ = {
			isa = PBXGroup;
			children = (
				65A355CE1EC37F3B00216264 /* SwiftagramTests.swift */,
				65A355D01EC37F3B00216264 /* Info.plist */,
			);
			path = SwiftagramTests;
			sourceTree = "<group>";
		};
		65A355D81EC37F3B00216264 /* SwiftagramUITests */ = {
			isa = PBXGroup;
			children = (
				65A355D91EC37F3B00216264 /* SwiftagramUITests.swift */,
				65A355DB1EC37F3B00216264 /* Info.plist */,
			);
			path = SwiftagramUITests;
			sourceTree = "<group>";
		};
/* End PBXGroup section */

/* Begin PBXNativeTarget section */
		65A355B51EC37F3A00216264 /* Swiftagram */ = {
			isa = PBXNativeTarget;
			buildConfigurationList = 65A355DE1EC37F3B00216264 /* Build configuration list for PBXNativeTarget "Swiftagram" */;
			buildPhases = (
				65A355B21EC37F3A00216264 /* Sources */,
				65A355B31EC37F3A00216264 /* Frameworks */,
				65A355B41EC37F3A00216264 /* Resources */,
			);
			buildRules = (
			);
			dependencies = (
			);
			name = Swiftagram;
			productName = Swiftagram;
			productReference = 65A355B61EC37F3A00216264 /* Swiftagram.app */;
			productType = "com.apple.product-type.application";
		};
		65A355C91EC37F3B00216264 /* SwiftagramTests */ = {
			isa = PBXNativeTarget;
			buildConfigurationList = 65A355E11EC37F3B00216264 /* Build configuration list for PBXNativeTarget "SwiftagramTests" */;
			buildPhases = (
				65A355C61EC37F3B00216264 /* Sources */,
				65A355C71EC37F3B00216264 /* Frameworks */,
				65A355C81EC37F3B00216264 /* Resources */,
			);
			buildRules = (
			);
			dependencies = (
				65A355CC1EC37F3B00216264 /* PBXTargetDependency */,
			);
			name = SwiftagramTests;
			productName = SwiftagramTests;
			productReference = 65A355CA1EC37F3B00216264 /* SwiftagramTests.xctest */;
			productType = "com.apple.product-type.bundle.unit-test";
		};
		65A355D41EC37F3B00216264 /* SwiftagramUITests */ = {
			isa = PBXNativeTarget;
			buildConfigurationList = 65A355E41EC37F3B00216264 /* Build configuration list for PBXNativeTarget "SwiftagramUITests" */;
			buildPhases = (
				65A355D11EC37F3B00216264 /* Sources */,
				65A355D21EC37F3B00216264 /* Frameworks */,
				65A355D31EC37F3B00216264 /* Resources */,
			);
			buildRules = (
			);
			dependencies = (
				65A355D71EC37F3B00216264 /* PBXTargetDependency */,
			);
			name = SwiftagramUITests;
			productName = SwiftagramUITests;
			productReference = 65A355D51EC37F3B00216264 /* SwiftagramUITests.xctest */;
			productType = "com.apple.product-type.bundle.ui-testing";
		};
/* End PBXNativeTarget section */

/* Begin PBXProject section */
		65A355AE1EC37F3A00216264 /* Project object */ = {
			isa = PBXProject;
			attributes = {
				LastSwiftUpdateCheck = 0830;
				LastUpgradeCheck = 0830;
				ORGANIZATIONNAME = "Paulina Berger";
				TargetAttributes = {
					65A355B51EC37F3A00216264 = {
						CreatedOnToolsVersion = 8.3.2;
						ProvisioningStyle = Automatic;
					};
					65A355C91EC37F3B00216264 = {
						CreatedOnToolsVersion = 8.3.2;
						ProvisioningStyle = Automatic;
						TestTargetID = 65A355B51EC37F3A00216264;
					};
					65A355D41EC37F3B00216264 = {
						CreatedOnToolsVersion = 8.3.2;
						ProvisioningStyle = Automatic;
						TestTargetID = 65A355B51EC37F3A00216264;
					};
				};
			};
			buildConfigurationList = 65A355B11EC37F3A00216264 /* Build configuration list for PBXProject "Swiftagram" */;
			compatibilityVersion = "Xcode 3.2";
			developmentRegion = English;
			hasScannedForEncodings = 0;
			knownRegions = (
				en,
				Base,
			);
			mainGroup = 65A355AD1EC37F3A00216264;
			productRefGroup = 65A355B71EC37F3A00216264 /* Products */;
			projectDirPath = "";
			projectRoot = "";
			targets = (
				65A355B51EC37F3A00216264 /* Swiftagram */,
				65A355C91EC37F3B00216264 /* SwiftagramTests */,
				65A355D41EC37F3B00216264 /* SwiftagramUITests */,
			);
		};
/* End PBXProject section */

/* Begin PBXResourcesBuildPhase section */
		65A355B41EC37F3A00216264 /* Resources */ = {
			isa = PBXResourcesBuildPhase;
			buildActionMask = 2147483647;
			files = (
				65A355C41EC37F3A00216264 /* LaunchScreen.storyboard in Resources */,
				65A355C11EC37F3A00216264 /* Assets.xcassets in Resources */,
				65A355BF1EC37F3A00216264 /* Main.storyboard in Resources */,
			);
			runOnlyForDeploymentPostprocessing = 0;
		};
		65A355C81EC37F3B00216264 /* Resources */ = {
			isa = PBXResourcesBuildPhase;
			buildActionMask = 2147483647;
			files = (
			);
			runOnlyForDeploymentPostprocessing = 0;
		};
		65A355D31EC37F3B00216264 /* Resources */ = {
			isa = PBXResourcesBuildPhase;
			buildActionMask = 2147483647;
			files = (
			);
			runOnlyForDeploymentPostprocessing = 0;
		};
/* End PBXResourcesBuildPhase section */

/* Begin PBXSourcesBuildPhase section */
		65A355B21EC37F3A00216264 /* Sources */ = {
			isa = PBXSourcesBuildPhase;
			buildActionMask = 2147483647;
			files = (
				65A355BC1EC37F3A00216264 /* ViewController.swift in Sources */,
				65A355BA1EC37F3A00216264 /* AppDelegate.swift in Sources */,
			);
			runOnlyForDeploymentPostprocessing = 0;
		};
		65A355C61EC37F3B00216264 /* Sources */ = {
			isa = PBXSourcesBuildPhase;
			buildActionMask = 2147483647;
			files = (
				65A355CF1EC37F3B00216264 /* SwiftagramTests.swift in Sources */,
			);
			runOnlyForDeploymentPostprocessing = 0;
		};
		65A355D11EC37F3B00216264 /* Sources */ = {
			isa = PBXSourcesBuildPhase;
			buildActionMask = 2147483647;
			files = (
				65A355DA1EC37F3B00216264 /* SwiftagramUITests.swift in Sources */,
			);
			runOnlyForDeploymentPostprocessing = 0;
		};
/* End PBXSourcesBuildPhase section */

/* Begin PBXTargetDependency section */
		65A355CC1EC37F3B00216264 /* PBXTargetDependency */ = {
			isa = PBXTargetDependency;
			target = 65A355B51EC37F3A00216264 /* Swiftagram */;
			targetProxy = 65A355CB1EC37F3B00216264 /* PBXContainerItemProxy */;
		};
		65A355D71EC37F3B00216264 /* PBXTargetDependency */ = {
			isa = PBXTargetDependency;
			target = 65A355B51EC37F3A00216264 /* Swiftagram */;
			targetProxy = 65A355D61EC37F3B00216264 /* PBXContainerItemProxy */;
		};
/* End PBXTargetDependency section */

/* Begin PBXVariantGroup section */
		65A355BD1EC37F3A00216264 /* Main.storyboard */ = {
			isa = PBXVariantGroup;
			children = (
				65A355BE1EC37F3A00216264 /* Base */,
			);
			name = Main.storyboard;
			sourceTree = "<group>";
		};
		65A355C21EC37F3A00216264 /* LaunchScreen.storyboard */ = {
			isa = PBXVariantGroup;
			children = (
				65A355C31EC37F3A00216264 /* Base */,
			);
			name = LaunchScreen.storyboard;
			sourceTree = "<group>";
		};
/* End PBXVariantGroup section */

/* Begin XCBuildConfiguration section */
		65A355DC1EC37F3B00216264 /* Debug */ = {
			isa = XCBuildConfiguration;
			buildSettings = {
				ALWAYS_SEARCH_USER_PATHS = NO;
				CLANG_ANALYZER_NONNULL = YES;
				CLANG_ANALYZER_NUMBER_OBJECT_CONVERSION = YES_AGGRESSIVE;
				CLANG_CXX_LANGUAGE_STANDARD = "gnu++0x";
				CLANG_CXX_LIBRARY = "libc++";
				CLANG_ENABLE_MODULES = YES;
				CLANG_ENABLE_OBJC_ARC = YES;
				CLANG_WARN_BOOL_CONVERSION = YES;
				CLANG_WARN_CONSTANT_CONVERSION = YES;
				CLANG_WARN_DIRECT_OBJC_ISA_USAGE = YES_ERROR;
				CLANG_WARN_DOCUMENTATION_COMMENTS = YES;
				CLANG_WARN_EMPTY_BODY = YES;
				CLANG_WARN_ENUM_CONVERSION = YES;
				CLANG_WARN_INFINITE_RECURSION = YES;
				CLANG_WARN_INT_CONVERSION = YES;
				CLANG_WARN_OBJC_ROOT_CLASS = YES_ERROR;
				CLANG_WARN_SUSPICIOUS_MOVE = YES;
				CLANG_WARN_UNREACHABLE_CODE = YES;
				CLANG_WARN__DUPLICATE_METHOD_MATCH = YES;
				"CODE_SIGN_IDENTITY[sdk=iphoneos*]" = "iPhone Developer";
				COPY_PHASE_STRIP = NO;
				DEBUG_INFORMATION_FORMAT = dwarf;
				ENABLE_STRICT_OBJC_MSGSEND = YES;
				ENABLE_TESTABILITY = YES;
				GCC_C_LANGUAGE_STANDARD = gnu99;
				GCC_DYNAMIC_NO_PIC = NO;
				GCC_NO_COMMON_BLOCKS = YES;
				GCC_OPTIMIZATION_LEVEL = 0;
				GCC_PREPROCESSOR_DEFINITIONS = (
					"DEBUG=1",
					"$(inherited)",
				);
				GCC_WARN_64_TO_32_BIT_CONVERSION = YES;
				GCC_WARN_ABOUT_RETURN_TYPE = YES_ERROR;
				GCC_WARN_UNDECLARED_SELECTOR = YES;
				GCC_WARN_UNINITIALIZED_AUTOS = YES_AGGRESSIVE;
				GCC_WARN_UNUSED_FUNCTION = YES;
				GCC_WARN_UNUSED_VARIABLE = YES;
				IPHONEOS_DEPLOYMENT_TARGET = 10.3;
				MTL_ENABLE_DEBUG_INFO = YES;
				ONLY_ACTIVE_ARCH = YES;
				SDKROOT = iphoneos;
				SWIFT_ACTIVE_COMPILATION_CONDITIONS = DEBUG;
				SWIFT_OPTIMIZATION_LEVEL = "-Onone";
				TARGETED_DEVICE_FAMILY = "1,2";
			};
			name = Debug;
		};
		65A355DD1EC37F3B00216264 /* Release */ = {
			isa = XCBuildConfiguration;
			buildSettings = {
				ALWAYS_SEARCH_USER_PATHS = NO;
				CLANG_ANALYZER_NONNULL = YES;
				CLANG_ANALYZER_NUMBER_OBJECT_CONVERSION = YES_AGGRESSIVE;
				CLANG_CXX_LANGUAGE_STANDARD = "gnu++0x";
				CLANG_CXX_LIBRARY = "libc++";
				CLANG_ENABLE_MODULES = YES;
				CLANG_ENABLE_OBJC_ARC = YES;
				CLANG_WARN_BOOL_CONVERSION = YES;
				CLANG_WARN_CONSTANT_CONVERSION = YES;
				CLANG_WARN_DIRECT_OBJC_ISA_USAGE = YES_ERROR;
				CLANG_WARN_DOCUMENTATION_COMMENTS = YES;
				CLANG_WARN_EMPTY_BODY = YES;
				CLANG_WARN_ENUM_CONVERSION = YES;
				CLANG_WARN_INFINITE_RECURSION = YES;
				CLANG_WARN_INT_CONVERSION = YES;
				CLANG_WARN_OBJC_ROOT_CLASS = YES_ERROR;
				CLANG_WARN_SUSPICIOUS_MOVE = YES;
				CLANG_WARN_UNREACHABLE_CODE = YES;
				CLANG_WARN__DUPLICATE_METHOD_MATCH = YES;
				"CODE_SIGN_IDENTITY[sdk=iphoneos*]" = "iPhone Developer";
				COPY_PHASE_STRIP = NO;
				DEBUG_INFORMATION_FORMAT = "dwarf-with-dsym";
				ENABLE_NS_ASSERTIONS = NO;
				ENABLE_STRICT_OBJC_MSGSEND = YES;
				GCC_C_LANGUAGE_STANDARD = gnu99;
				GCC_NO_COMMON_BLOCKS = YES;
				GCC_WARN_64_TO_32_BIT_CONVERSION = YES;
				GCC_WARN_ABOUT_RETURN_TYPE = YES_ERROR;
				GCC_WARN_UNDECLARED_SELECTOR = YES;
				GCC_WARN_UNINITIALIZED_AUTOS = YES_AGGRESSIVE;
				GCC_WARN_UNUSED_FUNCTION = YES;
				GCC_WARN_UNUSED_VARIABLE = YES;
				IPHONEOS_DEPLOYMENT_TARGET = 10.3;
				MTL_ENABLE_DEBUG_INFO = NO;
				SDKROOT = iphoneos;
				SWIFT_OPTIMIZATION_LEVEL = "-Owholemodule";
				TARGETED_DEVICE_FAMILY = "1,2";
				VALIDATE_PRODUCT = YES;
			};
			name = Release;
		};
		65A355DF1EC37F3B00216264 /* Debug */ = {
			isa = XCBuildConfiguration;
			buildSettings = {
				ASSETCATALOG_COMPILER_APPICON_NAME = AppIcon;
				INFOPLIST_FILE = Swiftagram/Info.plist;
				LD_RUNPATH_SEARCH_PATHS = "$(inherited) @executable_path/Frameworks";
				PRODUCT_BUNDLE_IDENTIFIER = Berger.Swiftagram;
				PRODUCT_NAME = "$(TARGET_NAME)";
				SWIFT_VERSION = 3.0;
			};
			name = Debug;
		};
		65A355E01EC37F3B00216264 /* Release */ = {
			isa = XCBuildConfiguration;
			buildSettings = {
				ASSETCATALOG_COMPILER_APPICON_NAME = AppIcon;
				INFOPLIST_FILE = Swiftagram/Info.plist;
				LD_RUNPATH_SEARCH_PATHS = "$(inherited) @executable_path/Frameworks";
				PRODUCT_BUNDLE_IDENTIFIER = Berger.Swiftagram;
				PRODUCT_NAME = "$(TARGET_NAME)";
				SWIFT_VERSION = 3.0;
			};
			name = Release;
		};
		65A355E21EC37F3B00216264 /* Debug */ = {
			isa = XCBuildConfiguration;
			buildSettings = {
				ALWAYS_EMBED_SWIFT_STANDARD_LIBRARIES = YES;
				BUNDLE_LOADER = "$(TEST_HOST)";
				INFOPLIST_FILE = SwiftagramTests/Info.plist;
				LD_RUNPATH_SEARCH_PATHS = "$(inherited) @executable_path/Frameworks @loader_path/Frameworks";
				PRODUCT_BUNDLE_IDENTIFIER = Berger.SwiftagramTests;
				PRODUCT_NAME = "$(TARGET_NAME)";
				SWIFT_VERSION = 3.0;
				TEST_HOST = "$(BUILT_PRODUCTS_DIR)/Swiftagram.app/Swiftagram";
			};
			name = Debug;
		};
		65A355E31EC37F3B00216264 /* Release */ = {
			isa = XCBuildConfiguration;
			buildSettings = {
				ALWAYS_EMBED_SWIFT_STANDARD_LIBRARIES = YES;
				BUNDLE_LOADER = "$(TEST_HOST)";
				INFOPLIST_FILE = SwiftagramTests/Info.plist;
				LD_RUNPATH_SEARCH_PATHS = "$(inherited) @executable_path/Frameworks @loader_path/Frameworks";
				PRODUCT_BUNDLE_IDENTIFIER = Berger.SwiftagramTests;
				PRODUCT_NAME = "$(TARGET_NAME)";
				SWIFT_VERSION = 3.0;
				TEST_HOST = "$(BUILT_PRODUCTS_DIR)/Swiftagram.app/Swiftagram";
			};
			name = Release;
		};
		65A355E51EC37F3B00216264 /* Debug */ = {
			isa = XCBuildConfiguration;
			buildSettings = {
				ALWAYS_EMBED_SWIFT_STANDARD_LIBRARIES = YES;
				INFOPLIST_FILE = SwiftagramUITests/Info.plist;
				LD_RUNPATH_SEARCH_PATHS = "$(inherited) @executable_path/Frameworks @loader_path/Frameworks";
				PRODUCT_BUNDLE_IDENTIFIER = Berger.SwiftagramUITests;
				PRODUCT_NAME = "$(TARGET_NAME)";
				SWIFT_VERSION = 3.0;
				TEST_TARGET_NAME = Swiftagram;
			};
			name = Debug;
		};
		65A355E61EC37F3B00216264 /* Release */ = {
			isa = XCBuildConfiguration;
			buildSettings = {
				ALWAYS_EMBED_SWIFT_STANDARD_LIBRARIES = YES;
				INFOPLIST_FILE = SwiftagramUITests/Info.plist;
				LD_RUNPATH_SEARCH_PATHS = "$(inherited) @executable_path/Frameworks @loader_path/Frameworks";
				PRODUCT_BUNDLE_IDENTIFIER = Berger.SwiftagramUITests;
				PRODUCT_NAME = "$(TARGET_NAME)";
				SWIFT_VERSION = 3.0;
				TEST_TARGET_NAME = Swiftagram;
			};
			name = Release;
		};
/* End XCBuildConfiguration section */

/* Begin XCConfigurationList section */
		65A355B11EC37F3A00216264 /* Build configuration list for PBXProject "Swiftagram" */ = {
			isa = XCConfigurationList;
			buildConfigurations = (
				65A355DC1EC37F3B00216264 /* Debug */,
				65A355DD1EC37F3B00216264 /* Release */,
			);
			defaultConfigurationIsVisible = 0;
			defaultConfigurationName = Release;
		};
		65A355DE1EC37F3B00216264 /* Build configuration list for PBXNativeTarget "Swiftagram" */ = {
			isa = XCConfigurationList;
			buildConfigurations = (
				65A355DF1EC37F3B00216264 /* Debug */,
				65A355E01EC37F3B00216264 /* Release */,
			);
			defaultConfigurationIsVisible = 0;
		};
		65A355E11EC37F3B00216264 /* Build configuration list for PBXNativeTarget "SwiftagramTests" */ = {
			isa = XCConfigurationList;
			buildConfigurations = (
				65A355E21EC37F3B00216264 /* Debug */,
				65A355E31EC37F3B00216264 /* Release */,
			);
			defaultConfigurationIsVisible = 0;
		};
		65A355E41EC37F3B00216264 /* Build configuration list for PBXNativeTarget "SwiftagramUITests" */ = {
			isa = XCConfigurationList;
			buildConfigurations = (
				65A355E51EC37F3B00216264 /* Debug */,
				65A355E61EC37F3B00216264 /* Release */,
			);
			defaultConfigurationIsVisible = 0;
		};
/* End XCConfigurationList section */
	};
	rootObject = 65A355AE1EC37F3A00216264 /* Project object */;
}
